
Microsoft Visual Studio Solution File, Format Version 12.00
# Visual Studio 15
VisualStudioVersion = 15.0.28010.2036
MinimumVisualStudioVersion = 10.0.40219.1
Project("{FAE04EC0-301F-11D3-BF4B-00C04F79EFBC}") = "PereLab1ASP", "PereLab1ASP\PereLab1ASP.csproj", "{DA38BE12-11AB-4FA7-B015-11010508B6B5}"
EndProject
Global
	GlobalSection(SolutionConfigurationPlatforms) = preSolution
		Debug|Any CPU = Debug|Any CPU
		Release|Any CPU = Release|Any CPU
	EndGlobalSection
	GlobalSection(ProjectConfigurationPlatforms) = postSolution
		{DA38BE12-11AB-4FA7-B015-11010508B6B5}.Debug|Any CPU.ActiveCfg = Debug|Any CPU
		{DA38BE12-11AB-4FA7-B015-11010508B6B5}.Debug|Any CPU.Build.0 = Debug|Any CPU
		{DA38BE12-11AB-4FA7-B015-11010508B6B5}.Release|Any CPU.ActiveCfg = Release|Any CPU
		{DA38BE12-11AB-4FA7-B015-11010508B6B5}.Release|Any CPU.Build.0 = Release|Any CPU
	EndGlobalSection
	GlobalSection(SolutionProperties) = preSolution
		HideSolutionNode = FALSE
	EndGlobalSection
	GlobalSection(ExtensibilityGlobals) = postSolution
		SolutionGuid = {AEF9D215-A6CB-4272-8FF4-A867092E716A}
	EndGlobalSection
EndGlobal
